
Microsoft Visual Studio Solution File, Format Version 12.00
# Visual Studio Version 17
VisualStudioVersion = 17.4.33403.182
MinimumVisualStudioVersion = 10.0.40219.1
Project("{FAE04EC0-301F-11D3-BF4B-00C04F79EFBC}") = "Battleship", "Battleship\Battleship.csproj", "{7ECAC0D1-31C2-4682-AC91-E25DE3D18E92}"
EndProject
Global
	GlobalSection(SolutionConfigurationPlatforms) = preSolution
		Debug|Any CPU = Debug|Any CPU
		Release|Any CPU = Release|Any CPU
	EndGlobalSection
	GlobalSection(ProjectConfigurationPlatforms) = postSolution
		{7ECAC0D1-31C2-4682-AC91-E25DE3D18E92}.Debug|Any CPU.ActiveCfg = Debug|Any CPU
		{7ECAC0D1-31C2-4682-AC91-E25DE3D18E92}.Debug|Any CPU.Build.0 = Debug|Any CPU
		{7ECAC0D1-31C2-4682-AC91-E25DE3D18E92}.Release|Any CPU.ActiveCfg = Release|Any CPU
		{7ECAC0D1-31C2-4682-AC91-E25DE3D18E92}.Release|Any CPU.Build.0 = Release|Any CPU
	EndGlobalSection
	GlobalSection(SolutionProperties) = preSolution
		HideSolutionNode = FALSE
	EndGlobalSection
	GlobalSection(ExtensibilityGlobals) = postSolution
		SolutionGuid = {6224EF40-339F-4366-AB8B-1EE5BE067153}
	EndGlobalSection
EndGlobal
